
Microsoft Visual Studio Solution File, Format Version 12.00
# Visual Studio 15
VisualStudioVersion = 15.0.26403.3
MinimumVisualStudioVersion = 10.0.40219.1
Project("{FAE04EC0-301F-11D3-BF4B-00C04F79EFBC}") = "WikiParser", "WikiParser\WikiParser.csproj", "{8F5E424E-6FA2-4C9D-B825-C03CF31B3C02}"
EndProject
Project("{FAE04EC0-301F-11D3-BF4B-00C04F79EFBC}") = "ListSpeedTest", "ListSpeedTest\ListSpeedTest.csproj", "{5A28B00C-BF38-426C-85A5-F2E5D18E3308}"
EndProject
Project("{FAE04EC0-301F-11D3-BF4B-00C04F79EFBC}") = "ConcurrentHashSetQueue", "ConcurrentHashSetQueue\ConcurrentHashSetQueue.csproj", "{FBA6325D-C495-48B5-B699-D5EB50A23E0F}"
EndProject
Global
	GlobalSection(SolutionConfigurationPlatforms) = preSolution
		Debug|Any CPU = Debug|Any CPU
		Release|Any CPU = Release|Any CPU
	EndGlobalSection
	GlobalSection(ProjectConfigurationPlatforms) = postSolution
		{8F5E424E-6FA2-4C9D-B825-C03CF31B3C02}.Debug|Any CPU.ActiveCfg = Debug|Any CPU
		{8F5E424E-6FA2-4C9D-B825-C03CF31B3C02}.Debug|Any CPU.Build.0 = Debug|Any CPU
		{8F5E424E-6FA2-4C9D-B825-C03CF31B3C02}.Release|Any CPU.ActiveCfg = Release|Any CPU
		{8F5E424E-6FA2-4C9D-B825-C03CF31B3C02}.Release|Any CPU.Build.0 = Release|Any CPU
		{5A28B00C-BF38-426C-85A5-F2E5D18E3308}.Debug|Any CPU.ActiveCfg = Debug|Any CPU
		{5A28B00C-BF38-426C-85A5-F2E5D18E3308}.Debug|Any CPU.Build.0 = Debug|Any CPU
		{5A28B00C-BF38-426C-85A5-F2E5D18E3308}.Release|Any CPU.ActiveCfg = Release|Any CPU
		{5A28B00C-BF38-426C-85A5-F2E5D18E3308}.Release|Any CPU.Build.0 = Release|Any CPU
		{FBA6325D-C495-48B5-B699-D5EB50A23E0F}.Debug|Any CPU.ActiveCfg = Debug|Any CPU
		{FBA6325D-C495-48B5-B699-D5EB50A23E0F}.Debug|Any CPU.Build.0 = Debug|Any CPU
		{FBA6325D-C495-48B5-B699-D5EB50A23E0F}.Release|Any CPU.ActiveCfg = Release|Any CPU
		{FBA6325D-C495-48B5-B699-D5EB50A23E0F}.Release|Any CPU.Build.0 = Release|Any CPU
	EndGlobalSection
	GlobalSection(SolutionProperties) = preSolution
		HideSolutionNode = FALSE
	EndGlobalSection
EndGlobal
