
Microsoft Visual Studio Solution File, Format Version 12.00
# Visual Studio 2013
VisualStudioVersion = 12.0.21005.1
MinimumVisualStudioVersion = 10.0.40219.1
Project("{FAE04EC0-301F-11D3-BF4B-00C04F79EFBC}") = "weasel", "weasel\weasel.csproj", "{EE988266-D4E7-43C2-A228-AB3F9D2AF2C5}"
EndProject
Project("{FAE04EC0-301F-11D3-BF4B-00C04F79EFBC}") = "weasel.Tests", "weasel.Tests\weasel.Tests.csproj", "{0F47A4BA-D3C8-45DB-A2C3-1CF80B325252}"
EndProject
Global
	GlobalSection(SolutionConfigurationPlatforms) = preSolution
		Debug|Any CPU = Debug|Any CPU
		Release|Any CPU = Release|Any CPU
	EndGlobalSection
	GlobalSection(ProjectConfigurationPlatforms) = postSolution
		{EE988266-D4E7-43C2-A228-AB3F9D2AF2C5}.Debug|Any CPU.ActiveCfg = Debug|Any CPU
		{EE988266-D4E7-43C2-A228-AB3F9D2AF2C5}.Debug|Any CPU.Build.0 = Debug|Any CPU
		{EE988266-D4E7-43C2-A228-AB3F9D2AF2C5}.Release|Any CPU.ActiveCfg = Release|Any CPU
		{EE988266-D4E7-43C2-A228-AB3F9D2AF2C5}.Release|Any CPU.Build.0 = Release|Any CPU
		{0F47A4BA-D3C8-45DB-A2C3-1CF80B325252}.Debug|Any CPU.ActiveCfg = Debug|Any CPU
		{0F47A4BA-D3C8-45DB-A2C3-1CF80B325252}.Debug|Any CPU.Build.0 = Debug|Any CPU
		{0F47A4BA-D3C8-45DB-A2C3-1CF80B325252}.Release|Any CPU.ActiveCfg = Release|Any CPU
		{0F47A4BA-D3C8-45DB-A2C3-1CF80B325252}.Release|Any CPU.Build.0 = Release|Any CPU
	EndGlobalSection
	GlobalSection(SolutionProperties) = preSolution
		HideSolutionNode = FALSE
	EndGlobalSection
EndGlobal
